lockfileVersion: '9.0'

settings:
  autoInstallPeers: true
  excludeLinksFromLockfile: false

importers:

  .:
    dependencies:
      '@catppuccin/palette':
        specifier: ^1.7.1
        version: 1.7.1
      '@slidev/types':
        specifier: ^0.47.0
        version: 0.47.5

packages:

  '@catppuccin/palette@1.7.1':
    resolution: {integrity: sha512-aRc1tbzrevOTV7nFTT9SRdF26w/MIwT4Jwt4fDMc9itRZUDXCuEDBLyz4TQMlqO9ZP8mf5Hu4Jr6D03NLFc6Gw==}

  '@slidev/types@0.47.5':
    resolution: {integrity: sha512-X67V4cCgM0Sz50bP8GbVzmiL8DHC2IXvdKcsN7DlxHyf+/T4d9GveeGukwha5Fx3MuYeGZWKag7TFL2ZY4w54A==}
    engines: {node: '>=18.0.0'}

snapshots:

  '@catppuccin/palette@1.7.1': {}

  '@slidev/types@0.47.5': {}
